
Microsoft Visual Studio Solution File, Format Version 12.00
# Visual Studio Version 16
VisualStudioVersion = 16.0.29418.71
MinimumVisualStudioVersion = 10.0.40219.1
Project("{FAE04EC0-301F-11D3-BF4B-00C04F79EFBC}") = "SampleConsoleApp", "SampleConsoleApp\SampleConsoleApp.csproj", "{4F5E4C21-14D5-43D0-9EA8-97C4C7AAC70F}"
EndProject
Global
	GlobalSection(SolutionConfigurationPlatforms) = preSolution
		Debug|Any CPU = Debug|Any CPU
		Release|Any CPU = Release|Any CPU
	EndGlobalSection
	GlobalSection(ProjectConfigurationPlatforms) = postSolution
		{4F5E4C21-14D5-43D0-9EA8-97C4C7AAC70F}.Debug|Any CPU.ActiveCfg = Debug|Any CPU
		{4F5E4C21-14D5-43D0-9EA8-97C4C7AAC70F}.Debug|Any CPU.Build.0 = Debug|Any CPU
		{4F5E4C21-14D5-43D0-9EA8-97C4C7AAC70F}.Release|Any CPU.ActiveCfg = Release|Any CPU
		{4F5E4C21-14D5-43D0-9EA8-97C4C7AAC70F}.Release|Any CPU.Build.0 = Release|Any CPU
	EndGlobalSection
	GlobalSection(SolutionProperties) = preSolution
		HideSolutionNode = FALSE
	EndGlobalSection
	GlobalSection(ExtensibilityGlobals) = postSolution
		SolutionGuid = {F7A563AB-3B47-4B59-AE42-136ADA71576D}
	EndGlobalSection
EndGlobal
